// !$*UTF8*$!
{
	archiveVersion = 1;
	classes = {
	};
	objectVersion = 46;
	objects = {

/* Begin PBXBuildFile section */
		217B7EF1193DACA600C43BD4 /* Foundation.framework in Frameworks */ = {isa = PBXBuildFile; fileRef = 217B7EF0193DACA600C43BD4 /* Foundation.framework */; };
		217B7EF3193DACA600C43BD4 /* CoreGraphics.framework in Frameworks */ = {isa = PBXBuildFile; fileRef = 217B7EF2193DACA600C43BD4 /* CoreGraphics.framework */; };
		217B7EF5193DACA600C43BD4 /* UIKit.framework in Frameworks */ = {isa = PBXBuildFile; fileRef = 217B7EF4193DACA600C43BD4 /* UIKit.framework */; };
		217B7EFB193DACA600C43BD4 /* InfoPlist.strings in Resources */ = {isa = PBXBuildFile; fileRef = 217B7EF9193DACA600C43BD4 /* InfoPlist.strings */; };
		217B7EFD193DACA600C43BD4 /* main.m in Sources */ = {isa = PBXBuildFile; fileRef = 217B7EFC193DACA600C43BD4 /* main.m */; };
		217B7F01193DACA600C43BD4 /* AppDelegate.m in Sources */ = {isa = PBXBuildFile; fileRef = 217B7F00193DACA600C43BD4 /* AppDelegate.m */; };
		217B7F03193DACA600C43BD4 /* Images.xcassets in Resources */ = {isa = PBXBuildFile; fileRef = 217B7F02193DACA600C43BD4 /* Images.xcassets */; };
		217B7F0A193DACA600C43BD4 /* XCTest.framework in Frameworks */ = {isa = PBXBuildFile; fileRef = 217B7F09193DACA600C43BD4 /* XCTest.framework */; };
		217B7F0B193DACA600C43BD4 /* Foundation.framework in Frameworks */ = {isa = PBXBuildFile; fileRef = 217B7EF0193DACA600C43BD4 /* Foundation.framework */; };
		217B7F0C193DACA600C43BD4 /* UIKit.framework in Frameworks */ = {isa = PBXBuildFile; fileRef = 217B7EF4193DACA600C43BD4 /* UIKit.framework */; };
		217B7F14193DACA600C43BD4 /* InfoPlist.strings in Resources */ = {isa = PBXBuildFile; fileRef = 217B7F12193DACA600C43BD4 /* InfoPlist.strings */; };
		217B7F16193DACA600C43BD4 /* tuangouTests.m in Sources */ = {isa = PBXBuildFile; fileRef = 217B7F15193DACA600C43BD4 /* tuangouTests.m */; };
/* End PBXBuildFile section */

/* Begin PBXContainerItemProxy section */
		217B7F0D193DACA600C43BD4 /* PBXContainerItemProxy */ = {
			isa = PBXContainerItemProxy;
			containerPortal = 217B7EE5193DACA500C43BD4 /* Project object */;
			proxyType = 1;
			remoteGlobalIDString = 217B7EEC193DACA600C43BD4;
			remoteInfo = tuangou;
		};
/* End PBXContainerItemProxy section */

/* Begin PBXFileReference section */
		217B7EED193DACA600C43BD4 /* tuangou.app */ = {isa = PBXFileReference; explicitFileType = wrapper.application; includeInIndex = 0; path = tuangou.app; sourceTree = BUILT_PRODUCTS_DIR; };
		217B7EF0193DACA600C43BD4 /* Foundation.framework */ = {isa = PBXFileReference; lastKnownFileType = wrapper.framework; name = Foundation.framework; path = System/Library/Frameworks/Foundation.framework; sourceTree = SDKROOT; };
		217B7EF2193DACA600C43BD4 /* CoreGraphics.framework */ = {isa = PBXFileReference; lastKnownFileType = wrapper.framework; name = CoreGraphics.framework; path = System/Library/Frameworks/CoreGraphics.framework; sourceTree = SDKROOT; };
		217B7EF4193DACA600C43BD4 /* UIKit.framework */ = {isa = PBXFileReference; lastKnownFileType = wrapper.framework; name = UIKit.framework; path = System/Library/Frameworks/UIKit.framework; sourceTree = SDKROOT; };
		217B7EF8193DACA600C43BD4 /* tuangou-Info.plist */ = {isa = PBXFileReference; lastKnownFileType = text.plist.xml; path = "tuangou-Info.plist"; sourceTree = "<group>"; };
		217B7EFA193DACA600C43BD4 /* en */ = {isa = PBXFileReference; lastKnownFileType = text.plist.strings; name = en; path = en.lproj/InfoPlist.strings; sourceTree = "<group>"; };
		217B7EFC193DACA600C43BD4 /* main.m */ = {isa = PBXFileReference; lastKnownFileType = sourcecode.c.objc; path = main.m; sourceTree = "<group>"; };
		217B7EFE193DACA600C43BD4 /* tuangou-Prefix.pch */ = {isa = PBXFileReference; lastKnownFileType = sourcecode.c.h; path = "tuangou-Prefix.pch"; sourceTree = "<group>"; };
		217B7EFF193DACA600C43BD4 /* AppDelegate.h */ = {isa = PBXFileReference; lastKnownFileType = sourcecode.c.h; path = AppDelegate.h; sourceTree = "<group>"; };
		217B7F00193DACA600C43BD4 /* AppDelegate.m */ = {isa = PBXFileReference; lastKnownFileType = sourcecode.c.objc; path = AppDelegate.m; sourceTree = "<group>"; };
		217B7F02193DACA600C43BD4 /* Images.xcassets */ = {isa = PBXFileReference; lastKnownFileType = folder.assetcatalog; path = Images.xcassets; sourceTree = "<group>"; };
		217B7F08193DACA600C43BD4 /* tuangouTests.xctest */ = {isa = PBXFileReference; explicitFileType = wrapper.cfbundle; includeInIndex = 0; path = tuangouTests.xctest; sourceTree = BUILT_PRODUCTS_DIR; };
		217B7F09193DACA600C43BD4 /* XCTest.framework */ = {isa = PBXFileReference; lastKnownFileType = wrapper.framework; name = XCTest.framework; path = Library/Frameworks/XCTest.framework; sourceTree = DEVELOPER_DIR; };
		217B7F11193DACA600C43BD4 /* tuangouTests-Info.plist */ = {isa = PBXFileReference; lastKnownFileType = text.plist.xml; path = "tuangouTests-Info.plist"; sourceTree = "<group>"; };
		217B7F13193DACA600C43BD4 /* en */ = {isa = PBXFileReference; lastKnownFileType = text.plist.strings; name = en; path = en.lproj/InfoPlist.strings; sourceTree = "<group>"; };
		217B7F15193DACA600C43BD4 /* tuangouTests.m */ = {isa = PBXFileReference; lastKnownFileType = sourcecode.c.objc; path = tuangouTests.m; sourceTree = "<group>"; };
/* End PBXFileReference section */

/* Begin PBXFrameworksBuildPhase section */
		217B7EEA193DACA600C43BD4 /* Frameworks */ = {
			isa = PBXFrameworksBuildPhase;
			buildActionMask = 2147483647;
			files = (
				217B7EF3193DACA600C43BD4 /* CoreGraphics.framework in Frameworks */,
				217B7EF5193DACA600C43BD4 /* UIKit.framework in Frameworks */,
				217B7EF1193DACA600C43BD4 /* Foundation.framework in Frameworks */,
			);
			runOnlyForDeploymentPostprocessing = 0;
		};
		217B7F05193DACA600C43BD4 /* Frameworks */ = {
			isa = PBXFrameworksBuildPhase;
			buildActionMask = 2147483647;
			files = (
				217B7F0A193DACA600C43BD4 /* XCTest.framework in Frameworks */,
				217B7F0C193DACA600C43BD4 /* UIKit.framework in Frameworks */,
				217B7F0B193DACA600C43BD4 /* Foundation.framework in Frameworks */,
			);
			runOnlyForDeploymentPostprocessing = 0;
		};
/* End PBXFrameworksBuildPhase section */

/* Begin PBXGroup section */
		217B7EE4193DACA500C43BD4 = {
			isa = PBXGroup;
			children = (
				217B7EF6193DACA600C43BD4 /* tuangou */,
				217B7F0F193DACA600C43BD4 /* tuangouTests */,
				217B7EEF193DACA600C43BD4 /* Frameworks */,
				217B7EEE193DACA600C43BD4 /* Products */,
			);
			sourceTree = "<group>";
		};
		217B7EEE193DACA600C43BD4 /* Products */ = {
			isa = PBXGroup;
			children = (
				217B7EED193DACA600C43BD4 /* tuangou.app */,
				217B7F08193DACA600C43BD4 /* tuangouTests.xctest */,
			);
			name = Products;
			sourceTree = "<group>";
		};
		217B7EEF193DACA600C43BD4 /* Frameworks */ = {
			isa = PBXGroup;
			children = (
				217B7EF0193DACA600C43BD4 /* Foundation.framework */,
				217B7EF2193DACA600C43BD4 /* CoreGraphics.framework */,
				217B7EF4193DACA600C43BD4 /* UIKit.framework */,
				217B7F09193DACA600C43BD4 /* XCTest.framework */,
			);
			name = Frameworks;
			sourceTree = "<group>";
		};
		217B7EF6193DACA600C43BD4 /* tuangou */ = {
			isa = PBXGroup;
			children = (
				217B7EFF193DACA600C43BD4 /* AppDelegate.h */,
				217B7F00193DACA600C43BD4 /* AppDelegate.m */,
				217B7F02193DACA600C43BD4 /* Images.xcassets */,
				217B7EF7193DACA600C43BD4 /* Supporting Files */,
			);
			path = tuangou;
			sourceTree = "<group>";
		};
		217B7EF7193DACA600C43BD4 /* Supporting Files */ = {
			isa = PBXGroup;
			children = (
				217B7EF8193DACA600C43BD4 /* tuangou-Info.plist */,
				217B7EF9193DACA600C43BD4 /* InfoPlist.strings */,
				217B7EFC193DACA600C43BD4 /* main.m */,
				217B7EFE193DACA600C43BD4 /* tuangou-Prefix.pch */,
			);
			name = "Supporting Files";
			sourceTree = "<group>";
		};
		217B7F0F193DACA600C43BD4 /* tuangouTests */ = {
			isa = PBXGroup;
			children = (
				217B7F15193DACA600C43BD4 /* tuangouTests.m */,
				217B7F10193DACA600C43BD4 /* Supporting Files */,
			);
			path = tuangouTests;
			sourceTree = "<group>";
		};
		217B7F10193DACA600C43BD4 /* Supporting Files */ = {
			isa = PBXGroup;
			children = (
				217B7F11193DACA600C43BD4 /* tuangouTests-Info.plist */,
				217B7F12193DACA600C43BD4 /* InfoPlist.strings */,
			);
			name = "Supporting Files";
			sourceTree = "<group>";
		};
/* End PBXGroup section */

/* Begin PBXNativeTarget section */
		217B7EEC193DACA600C43BD4 /* tuangou */ = {
			isa = PBXNativeTarget;
			buildConfigurationList = 217B7F19193DACA600C43BD4 /* Build configuration list for PBXNativeTarget "tuangou" */;
			buildPhases = (
				217B7EE9193DACA600C43BD4 /* Sources */,
				217B7EEA193DACA600C43BD4 /* Frameworks */,
				217B7EEB193DACA600C43BD4 /* Resources */,
			);
			buildRules = (
			);
			dependencies = (
			);
			name = tuangou;
			productName = tuangou;
			productReference = 217B7EED193DACA600C43BD4 /* tuangou.app */;
			productType = "com.apple.product-type.application";
		};
		217B7F07193DACA600C43BD4 /* tuangouTests */ = {
			isa = PBXNativeTarget;
			buildConfigurationList = 217B7F1C193DACA600C43BD4 /* Build configuration list for PBXNativeTarget "tuangouTests" */;
			buildPhases = (
				217B7F04193DACA600C43BD4 /* Sources */,
				217B7F05193DACA600C43BD4 /* Frameworks */,
				217B7F06193DACA600C43BD4 /* Resources */,
			);
			buildRules = (
			);
			dependencies = (
				217B7F0E193DACA600C43BD4 /* PBXTargetDependency */,
			);
			name = tuangouTests;
			productName = tuangouTests;
			productReference = 217B7F08193DACA600C43BD4 /* tuangouTests.xctest */;
			productType = "com.apple.product-type.bundle.unit-test";
		};
/* End PBXNativeTarget section */

/* Begin PBXProject section */
		217B7EE5193DACA500C43BD4 /* Project object */ = {
			isa = PBXProject;
			attributes = {
				LastUpgradeCheck = 0510;
				ORGANIZATIONNAME = "___FULLUSERNAME___";
				TargetAttributes = {
					217B7F07193DACA600C43BD4 = {
						TestTargetID = 217B7EEC193DACA600C43BD4;
					};
				};
			};
			buildConfigurationList = 217B7EE8193DACA500C43BD4 /* Build configuration list for PBXProject "tuangou" */;
			compatibilityVersion = "Xcode 3.2";
			developmentRegion = English;
			hasScannedForEncodings = 0;
			knownRegions = (
				en,
			);
			mainGroup = 217B7EE4193DACA500C43BD4;
			productRefGroup = 217B7EEE193DACA600C43BD4 /* Products */;
			projectDirPath = "";
			projectRoot = "";
			targets = (
				217B7EEC193DACA600C43BD4 /* tuangou */,
				217B7F07193DACA600C43BD4 /* tuangouTests */,
			);
		};
/* End PBXProject section */

/* Begin PBXResourcesBuildPhase section */
		217B7EEB193DACA600C43BD4 /* Resources */ = {
			isa = PBXResourcesBuildPhase;
			buildActionMask = 2147483647;
			files = (
				217B7EFB193DACA600C43BD4 /* InfoPlist.strings in Resources */,
				217B7F03193DACA600C43BD4 /* Images.xcassets in Resources */,
			);
			runOnlyForDeploymentPostprocessing = 0;
		};
		217B7F06193DACA600C43BD4 /* Resources */ = {
			isa = PBXResourcesBuildPhase;
			buildActionMask = 2147483647;
			files = (
				217B7F14193DACA600C43BD4 /* InfoPlist.strings in Resources */,
			);
			runOnlyForDeploymentPostprocessing = 0;
		};
/* End PBXResourcesBuildPhase section */

/* Begin PBXSourcesBuildPhase section */
		217B7EE9193DACA600C43BD4 /* Sources */ = {
			isa = PBXSourcesBuildPhase;
			buildActionMask = 2147483647;
			files = (
				217B7F01193DACA600C43BD4 /* AppDelegate.m in Sources */,
				217B7EFD193DACA600C43BD4 /* main.m in Sources */,
			);
			runOnlyForDeploymentPostprocessing = 0;
		};
		217B7F04193DACA600C43BD4 /* Sources */ = {
			isa = PBXSourcesBuildPhase;
			buildActionMask = 2147483647;
			files = (
				217B7F16193DACA600C43BD4 /* tuangouTests.m in Sources */,
			);
			runOnlyForDeploymentPostprocessing = 0;
		};
/* End PBXSourcesBuildPhase section */

/* Begin PBXTargetDependency section */
		217B7F0E193DACA600C43BD4 /* PBXTargetDependency */ = {
			isa = PBXTargetDependency;
			target = 217B7EEC193DACA600C43BD4 /* tuangou */;
			targetProxy = 217B7F0D193DACA600C43BD4 /* PBXContainerItemProxy */;
		};
/* End PBXTargetDependency section */

/* Begin PBXVariantGroup section */
		217B7EF9193DACA600C43BD4 /* InfoPlist.strings */ = {
			isa = PBXVariantGroup;
			children = (
				217B7EFA193DACA600C43BD4 /* en */,
			);
			name = InfoPlist.strings;
			sourceTree = "<group>";
		};
		217B7F12193DACA600C43BD4 /* InfoPlist.strings */ = {
			isa = PBXVariantGroup;
			children = (
				217B7F13193DACA600C43BD4 /* en */,
			);
			name = InfoPlist.strings;
			sourceTree = "<group>";
		};
/* End PBXVariantGroup section */

/* Begin XCBuildConfiguration section */
		217B7F17193DACA600C43BD4 /* Debug */ = {
			isa = XCBuildConfiguration;
			buildSettings = {
				ALWAYS_SEARCH_USER_PATHS = NO;
				CLANG_CXX_LANGUAGE_STANDARD = "gnu++0x";
				CLANG_CXX_LIBRARY = "libc++";
				CLANG_ENABLE_MODULES = YES;
				CLANG_ENABLE_OBJC_ARC = YES;
				CLANG_WARN_BOOL_CONVERSION = YES;
				CLANG_WARN_CONSTANT_CONVERSION = YES;
				CLANG_WARN_DIRECT_OBJC_ISA_USAGE = YES_ERROR;
				CLANG_WARN_EMPTY_BODY = YES;
				CLANG_WARN_ENUM_CONVERSION = YES;
				CLANG_WARN_INT_CONVERSION = YES;
				CLANG_WARN_OBJC_ROOT_CLASS = YES_ERROR;
				CLANG_WARN__DUPLICATE_METHOD_MATCH = YES;
				"CODE_SIGN_IDENTITY[sdk=iphoneos*]" = "iPhone Developer";
				COPY_PHASE_STRIP = NO;
				GCC_C_LANGUAGE_STANDARD = gnu99;
				GCC_DYNAMIC_NO_PIC = NO;
				GCC_OPTIMIZATION_LEVEL = 0;
				GCC_PREPROCESSOR_DEFINITIONS = (
					"DEBUG=1",
					"$(inherited)",
				);
				GCC_SYMBOLS_PRIVATE_EXTERN = NO;
				GCC_WARN_64_TO_32_BIT_CONVERSION = YES;
				GCC_WARN_ABOUT_RETURN_TYPE = YES_ERROR;
				GCC_WARN_UNDECLARED_SELECTOR = YES;
				GCC_WARN_UNINITIALIZED_AUTOS = YES_AGGRESSIVE;
				GCC_WARN_UNUSED_FUNCTION = YES;
				GCC_WARN_UNUSED_VARIABLE = YES;
				IPHONEOS_DEPLOYMENT_TARGET = 7.1;
				ONLY_ACTIVE_ARCH = YES;
				SDKROOT = iphoneos;
				TARGETED_DEVICE_FAMILY = 2;
			};
			name = Debug;
		};
		217B7F18193DACA600C43BD4 /* Release */ = {
			isa = XCBuildConfiguration;
			buildSettings = {
				ALWAYS_SEARCH_USER_PATHS = NO;
				CLANG_CXX_LANGUAGE_STANDARD = "gnu++0x";
				CLANG_CXX_LIBRARY = "libc++";
				CLANG_ENABLE_MODULES = YES;
				CLANG_ENABLE_OBJC_ARC = YES;
				CLANG_WARN_BOOL_CONVERSION = YES;
				CLANG_WARN_CONSTANT_CONVERSION = YES;
				CLANG_WARN_DIRECT_OBJC_ISA_USAGE = YES_ERROR;
				CLANG_WARN_EMPTY_BODY = YES;
				CLANG_WARN_ENUM_CONVERSION = YES;
				CLANG_WARN_INT_CONVERSION = YES;
				CLANG_WARN_OBJC_ROOT_CLASS = YES_ERROR;
				CLANG_WARN__DUPLICATE_METHOD_MATCH = YES;
				"CODE_SIGN_IDENTITY[sdk=iphoneos*]" = "iPhone Developer";
				COPY_PHASE_STRIP = YES;
				ENABLE_NS_ASSERTIONS = NO;
				GCC_C_LANGUAGE_STANDARD = gnu99;
				GCC_WARN_64_TO_32_BIT_CONVERSION = YES;
				GCC_WARN_ABOUT_RETURN_TYPE = YES_ERROR;
				GCC_WARN_UNDECLARED_SELECTOR = YES;
				GCC_WARN_UNINITIALIZED_AUTOS = YES_AGGRESSIVE;
				GCC_WARN_UNUSED_FUNCTION = YES;
				GCC_WARN_UNUSED_VARIABLE = YES;
				IPHONEOS_DEPLOYMENT_TARGET = 7.1;
				SDKROOT = iphoneos;
				TARGETED_DEVICE_FAMILY = 2;
				VALIDATE_PRODUCT = YES;
			};
			name = Release;
		};
		217B7F1A193DACA600C43BD4 /* Debug */ = {
			isa = XCBuildConfiguration;
			buildSettings = {
				ASSETCATALOG_COMPILER_APPICON_NAME = AppIcon;
				ASSETCATALOG_COMPILER_LAUNCHIMAGE_NAME = LaunchImage;
				GCC_PRECOMPILE_PREFIX_HEADER = YES;
				GCC_PREFIX_HEADER = "tuangou/tuangou-Prefix.pch";
				INFOPLIST_FILE = "tuangou/tuangou-Info.plist";
				PRODUCT_NAME = "$(TARGET_NAME)";
				WRAPPER_EXTENSION = app;
			};
			name = Debug;
		};
		217B7F1B193DACA600C43BD4 /* Release */ = {
			isa = XCBuildConfiguration;
			buildSettings = {
				ASSETCATALOG_COMPILER_APPICON_NAME = AppIcon;
				ASSETCATALOG_COMPILER_LAUNCHIMAGE_NAME = LaunchImage;
				GCC_PRECOMPILE_PREFIX_HEADER = YES;
				GCC_PREFIX_HEADER = "tuangou/tuangou-Prefix.pch";
				INFOPLIST_FILE = "tuangou/tuangou-Info.plist";
				PRODUCT_NAME = "$(TARGET_NAME)";
				WRAPPER_EXTENSION = app;
			};
			name = Release;
		};
		217B7F1D193DACA600C43BD4 /* Debug */ = {
			isa = XCBuildConfiguration;
			buildSettings = {
				BUNDLE_LOADER = "$(BUILT_PRODUCTS_DIR)/tuangou.app/tuangou";
				FRAMEWORK_SEARCH_PATHS = (
					"$(SDKROOT)/Developer/Library/Frameworks",
					"$(inherited)",
					"$(DEVELOPER_FRAMEWORKS_DIR)",
				);
				GCC_PRECOMPILE_PREFIX_HEADER = YES;
				GCC_PREFIX_HEADER = "tuangou/tuangou-Prefix.pch";
				GCC_PREPROCESSOR_DEFINITIONS = (
					"DEBUG=1",
					"$(inherited)",
				);
				INFOPLIST_FILE = "tuangouTests/tuangouTests-Info.plist";
				PRODUCT_NAME = "$(TARGET_NAME)";
				TEST_HOST = "$(BUNDLE_LOADER)";
				WRAPPER_EXTENSION = xctest;
			};
			name = Debug;
		};
		217B7F1E193DACA600C43BD4 /* Release */ = {
			isa = XCBuildConfiguration;
			buildSettings = {
				BUNDLE_LOADER = "$(BUILT_PRODUCTS_DIR)/tuangou.app/tuangou";
				FRAMEWORK_SEARCH_PATHS = (
					"$(SDKROOT)/Developer/Library/Frameworks",
					"$(inherited)",
					"$(DEVELOPER_FRAMEWORKS_DIR)",
				);
				GCC_PRECOMPILE_PREFIX_HEADER = YES;
				GCC_PREFIX_HEADER = "tuangou/tuangou-Prefix.pch";
				INFOPLIST_FILE = "tuangouTests/tuangouTests-Info.plist";
				PRODUCT_NAME = "$(TARGET_NAME)";
				TEST_HOST = "$(BUNDLE_LOADER)";
				WRAPPER_EXTENSION = xctest;
			};
			name = Release;
		};
/* End XCBuildConfiguration section */

/* Begin XCConfigurationList section */
		217B7EE8193DACA500C43BD4 /* Build configuration list for PBXProject "tuangou" */ = {
			isa = XCConfigurationList;
			buildConfigurations = (
				217B7F17193DACA600C43BD4 /* Debug */,
				217B7F18193DACA600C43BD4 /* Release */,
			);
			defaultConfigurationIsVisible = 0;
			defaultConfigurationName = Release;
		};
		217B7F19193DACA600C43BD4 /* Build configuration list for PBXNativeTarget "tuangou" */ = {
			isa = XCConfigurationList;
			buildConfigurations = (
				217B7F1A193DACA600C43BD4 /* Debug */,
				217B7F1B193DACA600C43BD4 /* Release */,
			);
			defaultConfigurationIsVisible = 0;
		};
		217B7F1C193DACA600C43BD4 /* Build configuration list for PBXNativeTarget "tuangouTests" */ = {
			isa = XCConfigurationList;
			buildConfigurations = (
				217B7F1D193DACA600C43BD4 /* Debug */,
				217B7F1E193DACA600C43BD4 /* Release */,
			);
			defaultConfigurationIsVisible = 0;
		};
/* End XCConfigurationList section */
	};
	rootObject = 217B7EE5193DACA500C43BD4 /* Project object */;
}
